
Microsoft Visual Studio Solution File, Format Version 12.00
# Visual Studio Version 16
VisualStudioVersion = 16.0.29102.190
MinimumVisualStudioVersion = 10.0.40219.1
Project("{FAE04EC0-301F-11D3-BF4B-00C04F79EFBC}") = "OKulProjesi", "WebApplication1\OKulProjesi.csproj", "{A6AB535A-0A41-4377-81D3-450AB2BD1A9D}"
EndProject
Global
	GlobalSection(SolutionConfigurationPlatforms) = preSolution
		Debug|Any CPU = Debug|Any CPU
		Release|Any CPU = Release|Any CPU
	EndGlobalSection
	GlobalSection(ProjectConfigurationPlatforms) = postSolution
		{A6AB535A-0A41-4377-81D3-450AB2BD1A9D}.Debug|Any CPU.ActiveCfg = Debug|Any CPU
		{A6AB535A-0A41-4377-81D3-450AB2BD1A9D}.Debug|Any CPU.Build.0 = Debug|Any CPU
		{A6AB535A-0A41-4377-81D3-450AB2BD1A9D}.Release|Any CPU.ActiveCfg = Release|Any CPU
		{A6AB535A-0A41-4377-81D3-450AB2BD1A9D}.Release|Any CPU.Build.0 = Release|Any CPU
	EndGlobalSection
	GlobalSection(SolutionProperties) = preSolution
		HideSolutionNode = FALSE
	EndGlobalSection
	GlobalSection(ExtensibilityGlobals) = postSolution
		SolutionGuid = {8FA7064A-AB93-4253-93F8-480B0D0D9EC0}
	EndGlobalSection
EndGlobal
